// !$*UTF8*$!
{
	archiveVersion = 1;
	classes = {
	};
	objectVersion = 50;
	objects = {

/* Begin PBXBuildFile section */
		49AB609723698E9F00D48F37 /* AppDelegate.swift in Sources */ = {isa = PBXBuildFile; fileRef = 49AB609623698E9F00D48F37 /* AppDelegate.swift */; };
		49AB609923698EA000D48F37 /* ViewController.swift in Sources */ = {isa = PBXBuildFile; fileRef = 49AB609823698E9F00D48F37 /* ViewController.swift */; };
		49AB609C23698EA000D48F37 /* Main.storyboard in Resources */ = {isa = PBXBuildFile; fileRef = 49AB609A23698EA000D48F37 /* Main.storyboard */; };
		49AB609E23698EA200D48F37 /* Assets.xcassets in Resources */ = {isa = PBXBuildFile; fileRef = 49AB609D23698EA200D48F37 /* Assets.xcassets */; };
		49AB60A123698EA200D48F37 /* LaunchScreen.storyboard in Resources */ = {isa = PBXBuildFile; fileRef = 49AB609F23698EA200D48F37 /* LaunchScreen.storyboard */; };
		49AB60AC23698EA200D48F37 /* imagePickerTests.swift in Sources */ = {isa = PBXBuildFile; fileRef = 49AB60AB23698EA200D48F37 /* imagePickerTests.swift */; };
		49AB60B723698EA200D48F37 /* imagePickerUITests.swift in Sources */ = {isa = PBXBuildFile; fileRef = 49AB60B623698EA200D48F37 /* imagePickerUITests.swift */; };
/* End PBXBuildFile section */

/* Begin PBXContainerItemProxy section */
		49AB60A823698EA200D48F37 /* PBXContainerItemProxy */ = {
			isa = PBXContainerItemProxy;
			containerPortal = 49AB608B23698E9F00D48F37 /* Project object */;
			proxyType = 1;
			remoteGlobalIDString = 49AB609223698E9F00D48F37;
			remoteInfo = imagePicker;
		};
		49AB60B323698EA200D48F37 /* PBXContainerItemProxy */ = {
			isa = PBXContainerItemProxy;
			containerPortal = 49AB608B23698E9F00D48F37 /* Project object */;
			proxyType = 1;
			remoteGlobalIDString = 49AB609223698E9F00D48F37;
			remoteInfo = imagePicker;
		};
/* End PBXContainerItemProxy section */

/* Begin PBXFileReference section */
		49AB609323698E9F00D48F37 /* imagePicker.app */ = {isa = PBXFileReference; explicitFileType = wrapper.application; includeInIndex = 0; path = imagePicker.app; sourceTree = BUILT_PRODUCTS_DIR; };
		49AB609623698E9F00D48F37 /* AppDelegate.swift */ = {isa = PBXFileReference; lastKnownFileType = sourcecode.swift; path = AppDelegate.swift; sourceTree = "<group>"; };
		49AB609823698E9F00D48F37 /* ViewController.swift */ = {isa = PBXFileReference; lastKnownFileType = sourcecode.swift; path = ViewController.swift; sourceTree = "<group>"; };
		49AB609B23698EA000D48F37 /* Base */ = {isa = PBXFileReference; lastKnownFileType = file.storyboard; name = Base; path = Base.lproj/Main.storyboard; sourceTree = "<group>"; };
		49AB609D23698EA200D48F37 /* Assets.xcassets */ = {isa = PBXFileReference; lastKnownFileType = folder.assetcatalog; path = Assets.xcassets; sourceTree = "<group>"; };
		49AB60A023698EA200D48F37 /* Base */ = {isa = PBXFileReference; lastKnownFileType = file.storyboard; name = Base; path = Base.lproj/LaunchScreen.storyboard; sourceTree = "<group>"; };
		49AB60A223698EA200D48F37 /* Info.plist */ = {isa = PBXFileReference; lastKnownFileType = text.plist.xml; path = Info.plist; sourceTree = "<group>"; };
		49AB60A723698EA200D48F37 /* imagePickerTests.xctest */ = {isa = PBXFileReference; explicitFileType = wrapper.cfbundle; includeInIndex = 0; path = imagePickerTests.xctest; sourceTree = BUILT_PRODUCTS_DIR; };
		49AB60AB23698EA200D48F37 /* imagePickerTests.swift */ = {isa = PBXFileReference; lastKnownFileType = sourcecode.swift; path = imagePickerTests.swift; sourceTree = "<group>"; };
		49AB60AD23698EA200D48F37 /* Info.plist */ = {isa = PBXFileReference; lastKnownFileType = text.plist.xml; path = Info.plist; sourceTree = "<group>"; };
		49AB60B223698EA200D48F37 /* imagePickerUITests.xctest */ = {isa = PBXFileReference; explicitFileType = wrapper.cfbundle; includeInIndex = 0; path = imagePickerUITests.xctest; sourceTree = BUILT_PRODUCTS_DIR; };
		49AB60B623698EA200D48F37 /* imagePickerUITests.swift */ = {isa = PBXFileReference; lastKnownFileType = sourcecode.swift; path = imagePickerUITests.swift; sourceTree = "<group>"; };
		49AB60B823698EA200D48F37 /* Info.plist */ = {isa = PBXFileReference; lastKnownFileType = text.plist.xml; path = Info.plist; sourceTree = "<group>"; };
/* End PBXFileReference section */

/* Begin PBXFrameworksBuildPhase section */
		49AB609023698E9F00D48F37 /* Frameworks */ = {
			isa = PBXFrameworksBuildPhase;
			buildActionMask = 2147483647;
			files = (
			);
			runOnlyForDeploymentPostprocessing = 0;
		};
		49AB60A423698EA200D48F37 /* Frameworks */ = {
			isa = PBXFrameworksBuildPhase;
			buildActionMask = 2147483647;
			files = (
			);
			runOnlyForDeploymentPostprocessing = 0;
		};
		49AB60AF23698EA200D48F37 /* Frameworks */ = {
			isa = PBXFrameworksBuildPhase;
			buildActionMask = 2147483647;
			files = (
			);
			runOnlyForDeploymentPostprocessing = 0;
		};
/* End PBXFrameworksBuildPhase section */

/* Begin PBXGroup section */
		49AB608A23698E9F00D48F37 = {
			isa = PBXGroup;
			children = (
				49AB609523698E9F00D48F37 /* imagePicker */,
				49AB60AA23698EA200D48F37 /* imagePickerTests */,
				49AB60B523698EA200D48F37 /* imagePickerUITests */,
				49AB609423698E9F00D48F37 /* Products */,
			);
			sourceTree = "<group>";
		};
		49AB609423698E9F00D48F37 /* Products */ = {
			isa = PBXGroup;
			children = (
				49AB609323698E9F00D48F37 /* imagePicker.app */,
				49AB60A723698EA200D48F37 /* imagePickerTests.xctest */,
				49AB60B223698EA200D48F37 /* imagePickerUITests.xctest */,
			);
			name = Products;
			sourceTree = "<group>";
		};
		49AB609523698E9F00D48F37 /* imagePicker */ = {
			isa = PBXGroup;
			children = (
				49AB609623698E9F00D48F37 /* AppDelegate.swift */,
				49AB609823698E9F00D48F37 /* ViewController.swift */,
				49AB609A23698EA000D48F37 /* Main.storyboard */,
				49AB609D23698EA200D48F37 /* Assets.xcassets */,
				49AB609F23698EA200D48F37 /* LaunchScreen.storyboard */,
				49AB60A223698EA200D48F37 /* Info.plist */,
			);
			path = imagePicker;
			sourceTree = "<group>";
		};
		49AB60AA23698EA200D48F37 /* imagePickerTests */ = {
			isa = PBXGroup;
			children = (
				49AB60AB23698EA200D48F37 /* imagePickerTests.swift */,
				49AB60AD23698EA200D48F37 /* Info.plist */,
			);
			path = imagePickerTests;
			sourceTree = "<group>";
		};
		49AB60B523698EA200D48F37 /* imagePickerUITests */ = {
			isa = PBXGroup;
			children = (
				49AB60B623698EA200D48F37 /* imagePickerUITests.swift */,
				49AB60B823698EA200D48F37 /* Info.plist */,
			);
			path = imagePickerUITests;
			sourceTree = "<group>";
		};
/* End PBXGroup section */

/* Begin PBXNativeTarget section */
		49AB609223698E9F00D48F37 /* imagePicker */ = {
			isa = PBXNativeTarget;
			buildConfigurationList = 49AB60BB23698EA200D48F37 /* Build configuration list for PBXNativeTarget "imagePicker" */;
			buildPhases = (
				49AB608F23698E9F00D48F37 /* Sources */,
				49AB609023698E9F00D48F37 /* Frameworks */,
				49AB609123698E9F00D48F37 /* Resources */,
			);
			buildRules = (
			);
			dependencies = (
			);
			name = imagePicker;
			productName = imagePicker;
			productReference = 49AB609323698E9F00D48F37 /* imagePicker.app */;
			productType = "com.apple.product-type.application";
		};
		49AB60A623698EA200D48F37 /* imagePickerTests */ = {
			isa = PBXNativeTarget;
			buildConfigurationList = 49AB60BE23698EA200D48F37 /* Build configuration list for PBXNativeTarget "imagePickerTests" */;
			buildPhases = (
				49AB60A323698EA200D48F37 /* Sources */,
				49AB60A423698EA200D48F37 /* Frameworks */,
				49AB60A523698EA200D48F37 /* Resources */,
			);
			buildRules = (
			);
			dependencies = (
				49AB60A923698EA200D48F37 /* PBXTargetDependency */,
			);
			name = imagePickerTests;
			productName = imagePickerTests;
			productReference = 49AB60A723698EA200D48F37 /* imagePickerTests.xctest */;
			productType = "com.apple.product-type.bundle.unit-test";
		};
		49AB60B123698EA200D48F37 /* imagePickerUITests */ = {
			isa = PBXNativeTarget;
			buildConfigurationList = 49AB60C123698EA200D48F37 /* Build configuration list for PBXNativeTarget "imagePickerUITests" */;
			buildPhases = (
				49AB60AE23698EA200D48F37 /* Sources */,
				49AB60AF23698EA200D48F37 /* Frameworks */,
				49AB60B023698EA200D48F37 /* Resources */,
			);
			buildRules = (
			);
			dependencies = (
				49AB60B423698EA200D48F37 /* PBXTargetDependency */,
			);
			name = imagePickerUITests;
			productName = imagePickerUITests;
			productReference = 49AB60B223698EA200D48F37 /* imagePickerUITests.xctest */;
			productType = "com.apple.product-type.bundle.ui-testing";
		};
/* End PBXNativeTarget section */

/* Begin PBXProject section */
		49AB608B23698E9F00D48F37 /* Project object */ = {
			isa = PBXProject;
			attributes = {
				LastSwiftUpdateCheck = 1030;
				LastUpgradeCheck = 1030;
				ORGANIZATIONNAME = jabeed;
				TargetAttributes = {
					49AB609223698E9F00D48F37 = {
						CreatedOnToolsVersion = 10.3;
					};
					49AB60A623698EA200D48F37 = {
						CreatedOnToolsVersion = 10.3;
						TestTargetID = 49AB609223698E9F00D48F37;
					};
					49AB60B123698EA200D48F37 = {
						CreatedOnToolsVersion = 10.3;
						TestTargetID = 49AB609223698E9F00D48F37;
					};
				};
			};
			buildConfigurationList = 49AB608E23698E9F00D48F37 /* Build configuration list for PBXProject "imagePicker" */;
			compatibilityVersion = "Xcode 9.3";
			developmentRegion = en;
			hasScannedForEncodings = 0;
			knownRegions = (
				en,
				Base,
			);
			mainGroup = 49AB608A23698E9F00D48F37;
			productRefGroup = 49AB609423698E9F00D48F37 /* Products */;
			projectDirPath = "";
			projectRoot = "";
			targets = (
				49AB609223698E9F00D48F37 /* imagePicker */,
				49AB60A623698EA200D48F37 /* imagePickerTests */,
				49AB60B123698EA200D48F37 /* imagePickerUITests */,
			);
		};
/* End PBXProject section */

/* Begin PBXResourcesBuildPhase section */
		49AB609123698E9F00D48F37 /* Resources */ = {
			isa = PBXResourcesBuildPhase;
			buildActionMask = 2147483647;
			files = (
				49AB60A123698EA200D48F37 /* LaunchScreen.storyboard in Resources */,
				49AB609E23698EA200D48F37 /* Assets.xcassets in Resources */,
				49AB609C23698EA000D48F37 /* Main.storyboard in Resources */,
			);
			runOnlyForDeploymentPostprocessing = 0;
		};
		49AB60A523698EA200D48F37 /* Resources */ = {
			isa = PBXResourcesBuildPhase;
			buildActionMask = 2147483647;
			files = (
			);
			runOnlyForDeploymentPostprocessing = 0;
		};
		49AB60B023698EA200D48F37 /* Resources */ = {
			isa = PBXResourcesBuildPhase;
			buildActionMask = 2147483647;
			files = (
			);
			runOnlyForDeploymentPostprocessing = 0;
		};
/* End PBXResourcesBuildPhase section */

/* Begin PBXSourcesBuildPhase section */
		49AB608F23698E9F00D48F37 /* Sources */ = {
			isa = PBXSourcesBuildPhase;
			buildActionMask = 2147483647;
			files = (
				49AB609923698EA000D48F37 /* ViewController.swift in Sources */,
				49AB609723698E9F00D48F37 /* AppDelegate.swift in Sources */,
			);
			runOnlyForDeploymentPostprocessing = 0;
		};
		49AB60A323698EA200D48F37 /* Sources */ = {
			isa = PBXSourcesBuildPhase;
			buildActionMask = 2147483647;
			files = (
				49AB60AC23698EA200D48F37 /* imagePickerTests.swift in Sources */,
			);
			runOnlyForDeploymentPostprocessing = 0;
		};
		49AB60AE23698EA200D48F37 /* Sources */ = {
			isa = PBXSourcesBuildPhase;
			buildActionMask = 2147483647;
			files = (
				49AB60B723698EA200D48F37 /* imagePickerUITests.swift in Sources */,
			);
			runOnlyForDeploymentPostprocessing = 0;
		};
/* End PBXSourcesBuildPhase section */

/* Begin PBXTargetDependency section */
		49AB60A923698EA200D48F37 /* PBXTargetDependency */ = {
			isa = PBXTargetDependency;
			target = 49AB609223698E9F00D48F37 /* imagePicker */;
			targetProxy = 49AB60A823698EA200D48F37 /* PBXContainerItemProxy */;
		};
		49AB60B423698EA200D48F37 /* PBXTargetDependency */ = {
			isa = PBXTargetDependency;
			target = 49AB609223698E9F00D48F37 /* imagePicker */;
			targetProxy = 49AB60B323698EA200D48F37 /* PBXContainerItemProxy */;
		};
/* End PBXTargetDependency section */

/* Begin PBXVariantGroup section */
		49AB609A23698EA000D48F37 /* Main.storyboard */ = {
			isa = PBXVariantGroup;
			children = (
				49AB609B23698EA000D48F37 /* Base */,
			);
			name = Main.storyboard;
			sourceTree = "<group>";
		};
		49AB609F23698EA200D48F37 /* LaunchScreen.storyboard */ = {
			isa = PBXVariantGroup;
			children = (
				49AB60A023698EA200D48F37 /* Base */,
			);
			name = LaunchScreen.storyboard;
			sourceTree = "<group>";
		};
/* End PBXVariantGroup section */

/* Begin XCBuildConfiguration section */
		49AB60B923698EA200D48F37 /* Debug */ = {
			isa = XCBuildConfiguration;
			buildSettings = {
				ALWAYS_SEARCH_USER_PATHS = NO;
				CLANG_ANALYZER_NONNULL = YES;
				CLANG_ANALYZER_NUMBER_OBJECT_CONVERSION = YES_AGGRESSIVE;
				CLANG_CXX_LANGUAGE_STANDARD = "gnu++14";
				CLANG_CXX_LIBRARY = "libc++";
				CLANG_ENABLE_MODULES = YES;
				CLANG_ENABLE_OBJC_ARC = YES;
				CLANG_ENABLE_OBJC_WEAK = YES;
				CLANG_WARN_BLOCK_CAPTURE_AUTORELEASING = YES;
				CLANG_WARN_BOOL_CONVERSION = YES;
				CLANG_WARN_COMMA = YES;
				CLANG_WARN_CONSTANT_CONVERSION = YES;
				CLANG_WARN_DEPRECATED_OBJC_IMPLEMENTATIONS = YES;
				CLANG_WARN_DIRECT_OBJC_ISA_USAGE = YES_ERROR;
				CLANG_WARN_DOCUMENTATION_COMMENTS = YES;
				CLANG_WARN_EMPTY_BODY = YES;
				CLANG_WARN_ENUM_CONVERSION = YES;
				CLANG_WARN_INFINITE_RECURSION = YES;
				CLANG_WARN_INT_CONVERSION = YES;
				CLANG_WARN_NON_LITERAL_NULL_CONVERSION = YES;
				CLANG_WARN_OBJC_IMPLICIT_RETAIN_SELF = YES;
				CLANG_WARN_OBJC_LITERAL_CONVERSION = YES;
				CLANG_WARN_OBJC_ROOT_CLASS = YES_ERROR;
				CLANG_WARN_RANGE_LOOP_ANALYSIS = YES;
				CLANG_WARN_STRICT_PROTOTYPES = YES;
				CLANG_WARN_SUSPICIOUS_MOVE = YES;
				CLANG_WARN_UNGUARDED_AVAILABILITY = YES_AGGRESSIVE;
				CLANG_WARN_UNREACHABLE_CODE = YES;
				CLANG_WARN__DUPLICATE_METHOD_MATCH = YES;
				CODE_SIGN_IDENTITY = "iPhone Developer";
				COPY_PHASE_STRIP = NO;
				DEBUG_INFORMATION_FORMAT = dwarf;
				ENABLE_STRICT_OBJC_MSGSEND = YES;
				ENABLE_TESTABILITY = YES;
				GCC_C_LANGUAGE_STANDARD = gnu11;
				GCC_DYNAMIC_NO_PIC = NO;
				GCC_NO_COMMON_BLOCKS = YES;
				GCC_OPTIMIZATION_LEVEL = 0;
				GCC_PREPROCESSOR_DEFINITIONS = (
					"DEBUG=1",
					"$(inherited)",
				);
				GCC_WARN_64_TO_32_BIT_CONVERSION = YES;
				GCC_WARN_ABOUT_RETURN_TYPE = YES_ERROR;
				GCC_WARN_UNDECLARED_SELECTOR = YES;
				GCC_WARN_UNINITIALIZED_AUTOS = YES_AGGRESSIVE;
				GCC_WARN_UNUSED_FUNCTION = YES;
				GCC_WARN_UNUSED_VARIABLE = YES;
				IPHONEOS_DEPLOYMENT_TARGET = 12.4;
				MTL_ENABLE_DEBUG_INFO = INCLUDE_SOURCE;
				MTL_FAST_MATH = YES;
				ONLY_ACTIVE_ARCH = YES;
				SDKROOT = iphoneos;
				SWIFT_ACTIVE_COMPILATION_CONDITIONS = DEBUG;
				SWIFT_OPTIMIZATION_LEVEL = "-Onone";
			};
			name = Debug;
		};
		49AB60BA23698EA200D48F37 /* Release */ = {
			isa = XCBuildConfiguration;
			buildSettings = {
				ALWAYS_SEARCH_USER_PATHS = NO;
				CLANG_ANALYZER_NONNULL = YES;
				CLANG_ANALYZER_NUMBER_OBJECT_CONVERSION = YES_AGGRESSIVE;
				CLANG_CXX_LANGUAGE_STANDARD = "gnu++14";
				CLANG_CXX_LIBRARY = "libc++";
				CLANG_ENABLE_MODULES = YES;
				CLANG_ENABLE_OBJC_ARC = YES;
				CLANG_ENABLE_OBJC_WEAK = YES;
				CLANG_WARN_BLOCK_CAPTURE_AUTORELEASING = YES;
				CLANG_WARN_BOOL_CONVERSION = YES;
				CLANG_WARN_COMMA = YES;
				CLANG_WARN_CONSTANT_CONVERSION = YES;
				CLANG_WARN_DEPRECATED_OBJC_IMPLEMENTATIONS = YES;
				CLANG_WARN_DIRECT_OBJC_ISA_USAGE = YES_ERROR;
				CLANG_WARN_DOCUMENTATION_COMMENTS = YES;
				CLANG_WARN_EMPTY_BODY = YES;
				CLANG_WARN_ENUM_CONVERSION = YES;
				CLANG_WARN_INFINITE_RECURSION = YES;
				CLANG_WARN_INT_CONVERSION = YES;
				CLANG_WARN_NON_LITERAL_NULL_CONVERSION = YES;
				CLANG_WARN_OBJC_IMPLICIT_RETAIN_SELF = YES;
				CLANG_WARN_OBJC_LITERAL_CONVERSION = YES;
				CLANG_WARN_OBJC_ROOT_CLASS = YES_ERROR;
				CLANG_WARN_RANGE_LOOP_ANALYSIS = YES;
				CLANG_WARN_STRICT_PROTOTYPES = YES;
				CLANG_WARN_SUSPICIOUS_MOVE = YES;
				CLANG_WARN_UNGUARDED_AVAILABILITY = YES_AGGRESSIVE;
				CLANG_WARN_UNREACHABLE_CODE = YES;
				CLANG_WARN__DUPLICATE_METHOD_MATCH = YES;
				CODE_SIGN_IDENTITY = "iPhone Developer";
				COPY_PHASE_STRIP = NO;
				DEBUG_INFORMATION_FORMAT = "dwarf-with-dsym";
				ENABLE_NS_ASSERTIONS = NO;
				ENABLE_STRICT_OBJC_MSGSEND = YES;
				GCC_C_LANGUAGE_STANDARD = gnu11;
				GCC_NO_COMMON_BLOCKS = YES;
				GCC_WARN_64_TO_32_BIT_CONVERSION = YES;
				GCC_WARN_ABOUT_RETURN_TYPE = YES_ERROR;
				GCC_WARN_UNDECLARED_SELECTOR = YES;
				GCC_WARN_UNINITIALIZED_AUTOS = YES_AGGRESSIVE;
				GCC_WARN_UNUSED_FUNCTION = YES;
				GCC_WARN_UNUSED_VARIABLE = YES;
				IPHONEOS_DEPLOYMENT_TARGET = 12.4;
				MTL_ENABLE_DEBUG_INFO = NO;
				MTL_FAST_MATH = YES;
				SDKROOT = iphoneos;
				SWIFT_COMPILATION_MODE = wholemodule;
				SWIFT_OPTIMIZATION_LEVEL = "-O";
				VALIDATE_PRODUCT = YES;
			};
			name = Release;
		};
		49AB60BC23698EA200D48F37 /* Debug */ = {
			isa = XCBuildConfiguration;
			buildSettings = {
				ASSETCATALOG_COMPILER_APPICON_NAME = AppIcon;
				CODE_SIGN_STYLE = Automatic;
				INFOPLIST_FILE = imagePicker/Info.plist;
				LD_RUNPATH_SEARCH_PATHS = (
					"$(inherited)",
					"@executable_path/Frameworks",
				);
				PRODUCT_BUNDLE_IDENTIFIER = "com.papa.-.imagePicker";
				PRODUCT_NAME = "$(TARGET_NAME)";
				SWIFT_VERSION = 5.0;
				TARGETED_DEVICE_FAMILY = "1,2";
			};
			name = Debug;
		};
		49AB60BD23698EA200D48F37 /* Release */ = {
			isa = XCBuildConfiguration;
			buildSettings = {
				ASSETCATALOG_COMPILER_APPICON_NAME = AppIcon;
				CODE_SIGN_STYLE = Automatic;
				INFOPLIST_FILE = imagePicker/Info.plist;
				LD_RUNPATH_SEARCH_PATHS = (
					"$(inherited)",
					"@executable_path/Frameworks",
				);
				PRODUCT_BUNDLE_IDENTIFIER = "com.papa.-.imagePicker";
				PRODUCT_NAME = "$(TARGET_NAME)";
				SWIFT_VERSION = 5.0;
				TARGETED_DEVICE_FAMILY = "1,2";
			};
			name = Release;
		};
		49AB60BF23698EA200D48F37 /* Debug */ = {
			isa = XCBuildConfiguration;
			buildSettings = {
				ALWAYS_EMBED_SWIFT_STANDARD_LIBRARIES = YES;
				BUNDLE_LOADER = "$(TEST_HOST)";
				CODE_SIGN_STYLE = Automatic;
				INFOPLIST_FILE = imagePickerTests/Info.plist;
				LD_RUNPATH_SEARCH_PATHS = (
					"$(inherited)",
					"@executable_path/Frameworks",
					"@loader_path/Frameworks",
				);
				PRODUCT_BUNDLE_IDENTIFIER = "com.papa.-.imagePickerTests";
				PRODUCT_NAME = "$(TARGET_NAME)";
				SWIFT_VERSION = 5.0;
				TARGETED_DEVICE_FAMILY = "1,2";
				TEST_HOST = "$(BUILT_PRODUCTS_DIR)/imagePicker.app/imagePicker";
			};
			name = Debug;
		};
		49AB60C023698EA200D48F37 /* Release */ = {
			isa = XCBuildConfiguration;
			buildSettings = {
				ALWAYS_EMBED_SWIFT_STANDARD_LIBRARIES = YES;
				BUNDLE_LOADER = "$(TEST_HOST)";
				CODE_SIGN_STYLE = Automatic;
				INFOPLIST_FILE = imagePickerTests/Info.plist;
				LD_RUNPATH_SEARCH_PATHS = (
					"$(inherited)",
					"@executable_path/Frameworks",
					"@loader_path/Frameworks",
				);
				PRODUCT_BUNDLE_IDENTIFIER = "com.papa.-.imagePickerTests";
				PRODUCT_NAME = "$(TARGET_NAME)";
				SWIFT_VERSION = 5.0;
				TARGETED_DEVICE_FAMILY = "1,2";
				TEST_HOST = "$(BUILT_PRODUCTS_DIR)/imagePicker.app/imagePicker";
			};
			name = Release;
		};
		49AB60C223698EA200D48F37 /* Debug */ = {
			isa = XCBuildConfiguration;
			buildSettings = {
				ALWAYS_EMBED_SWIFT_STANDARD_LIBRARIES = YES;
				CODE_SIGN_STYLE = Automatic;
				INFOPLIST_FILE = imagePickerUITests/Info.plist;
				LD_RUNPATH_SEARCH_PATHS = (
					"$(inherited)",
					"@executable_path/Frameworks",
					"@loader_path/Frameworks",
				);
				PRODUCT_BUNDLE_IDENTIFIER = "com.papa.-.imagePickerUITests";
				PRODUCT_NAME = "$(TARGET_NAME)";
				SWIFT_VERSION = 5.0;
				TARGETED_DEVICE_FAMILY = "1,2";
				TEST_TARGET_NAME = imagePicker;
			};
			name = Debug;
		};
		49AB60C323698EA200D48F37 /* Release */ = {
			isa = XCBuildConfiguration;
			buildSettings = {
				ALWAYS_EMBED_SWIFT_STANDARD_LIBRARIES = YES;
				CODE_SIGN_STYLE = Automatic;
				INFOPLIST_FILE = imagePickerUITests/Info.plist;
				LD_RUNPATH_SEARCH_PATHS = (
					"$(inherited)",
					"@executable_path/Frameworks",
					"@loader_path/Frameworks",
				);
				PRODUCT_BUNDLE_IDENTIFIER = "com.papa.-.imagePickerUITests";
				PRODUCT_NAME = "$(TARGET_NAME)";
				SWIFT_VERSION = 5.0;
				TARGETED_DEVICE_FAMILY = "1,2";
				TEST_TARGET_NAME = imagePicker;
			};
			name = Release;
		};
/* End XCBuildConfiguration section */

/* Begin XCConfigurationList section */
		49AB608E23698E9F00D48F37 /* Build configuration list for PBXProject "imagePicker" */ = {
			isa = XCConfigurationList;
			buildConfigurations = (
				49AB60B923698EA200D48F37 /* Debug */,
				49AB60BA23698EA200D48F37 /* Release */,
			);
			defaultConfigurationIsVisible = 0;
			defaultConfigurationName = Release;
		};
		49AB60BB23698EA200D48F37 /* Build configuration list for PBXNativeTarget "imagePicker" */ = {
			isa = XCConfigurationList;
			buildConfigurations = (
				49AB60BC23698EA200D48F37 /* Debug */,
				49AB60BD23698EA200D48F37 /* Release */,
			);
			defaultConfigurationIsVisible = 0;
			defaultConfigurationName = Release;
		};
		49AB60BE23698EA200D48F37 /* Build configuration list for PBXNativeTarget "imagePickerTests" */ = {
			isa = XCConfigurationList;
			buildConfigurations = (
				49AB60BF23698EA200D48F37 /* Debug */,
				49AB60C023698EA200D48F37 /* Release */,
			);
			defaultConfigurationIsVisible = 0;
			defaultConfigurationName = Release;
		};
		49AB60C123698EA200D48F37 /* Build configuration list for PBXNativeTarget "imagePickerUITests" */ = {
			isa = XCConfigurationList;
			buildConfigurations = (
				49AB60C223698EA200D48F37 /* Debug */,
				49AB60C323698EA200D48F37 /* Release */,
			);
			defaultConfigurationIsVisible = 0;
			defaultConfigurationName = Release;
		};
/* End XCConfigurationList section */
	};
	rootObject = 49AB608B23698E9F00D48F37 /* Project object */;
}
